
Microsoft Visual Studio Solution File, Format Version 12.00
# Visual Studio Version 17
VisualStudioVersion = 17.4.33110.190
MinimumVisualStudioVersion = 10.0.40219.1
Project("{FAE04EC0-301F-11D3-BF4B-00C04F79EFBC}") = "Proje", "Proje.csproj", "{1712937C-6B26-4F9A-85CF-77D0340B13DF}"
EndProject
Global
	GlobalSection(SolutionConfigurationPlatforms) = preSolution
		Debug|Any CPU = Debug|Any CPU
		Release|Any CPU = Release|Any CPU
	EndGlobalSection
	GlobalSection(ProjectConfigurationPlatforms) = postSolution
		{1712937C-6B26-4F9A-85CF-77D0340B13DF}.Debug|Any CPU.ActiveCfg = Debug|Any CPU
		{1712937C-6B26-4F9A-85CF-77D0340B13DF}.Debug|Any CPU.Build.0 = Debug|Any CPU
		{1712937C-6B26-4F9A-85CF-77D0340B13DF}.Release|Any CPU.ActiveCfg = Release|Any CPU
		{1712937C-6B26-4F9A-85CF-77D0340B13DF}.Release|Any CPU.Build.0 = Release|Any CPU
	EndGlobalSection
	GlobalSection(SolutionProperties) = preSolution
		HideSolutionNode = FALSE
	EndGlobalSection
	GlobalSection(ExtensibilityGlobals) = postSolution
		SolutionGuid = {BFE6947D-6117-4A46-8F9D-C183701AEC7F}
	EndGlobalSection
EndGlobal
